
Microsoft Visual Studio Solution File, Format Version 12.00
# Visual Studio Version 17
VisualStudioVersion = 17.0.31903.59
MinimumVisualStudioVersion = 10.0.40219.1
Project("{2150E333-8FDC-42A3-9474-1A3956D46DE8}") = "src", "src", "{55580602-5408-4970-A83C-C4A2A46647B6}"
EndProject
Project("{FAE04EC0-301F-11D3-BF4B-00C04F79EFBC}") = "ThrowsAnalyzer", "src\ThrowsAnalyzer\ThrowsAnalyzer.csproj", "{6DF47337-9A89-483F-BC7E-A70AE22FB1AF}"
EndProject
Project("{2150E333-8FDC-42A3-9474-1A3956D46DE8}") = "tests", "tests", "{1254533D-FCBF-42E2-8E01-EF423AC42BCB}"
EndProject
Project("{FAE04EC0-301F-11D3-BF4B-00C04F79EFBC}") = "ThrowsAnalyzer.Tests", "tests\ThrowsAnalyzer.Tests\ThrowsAnalyzer.Tests.csproj", "{38762332-679A-4E87-BC8C-327509F20DF5}"
EndProject
Project("{2150E333-8FDC-42A3-9474-1A3956D46DE8}") = "samples", "samples", "{4439E9FD-3236-4977-BB1C-38380268B647}"
EndProject
Project("{FAE04EC0-301F-11D3-BF4B-00C04F79EFBC}") = "LibraryManagement", "samples\LibraryManagement\LibraryManagement.csproj", "{F9481163-70FE-4B50-A292-DDC8565BB9EB}"
EndProject
Project("{FAE04EC0-301F-11D3-BF4B-00C04F79EFBC}") = "ExceptionPatterns", "samples\ExceptionPatterns\ExceptionPatterns.csproj", "{A260E3BA-327B-4F62-9611-113ED9AFF8D3}"
EndProject
Project("{FAE04EC0-301F-11D3-BF4B-00C04F79EFBC}") = "ThrowsAnalyzer.Cli", "src\ThrowsAnalyzer.Cli\ThrowsAnalyzer.Cli.csproj", "{29D67700-B4C0-4C3B-82B2-7BBB51C99F0B}"
EndProject
Global
	GlobalSection(SolutionConfigurationPlatforms) = preSolution
		Debug|Any CPU = Debug|Any CPU
		Release|Any CPU = Release|Any CPU
	EndGlobalSection
	GlobalSection(SolutionProperties) = preSolution
		HideSolutionNode = FALSE
	EndGlobalSection
	GlobalSection(ProjectConfigurationPlatforms) = postSolution
		{6DF47337-9A89-483F-BC7E-A70AE22FB1AF}.Debug|Any CPU.ActiveCfg = Debug|Any CPU
		{6DF47337-9A89-483F-BC7E-A70AE22FB1AF}.Debug|Any CPU.Build.0 = Debug|Any CPU
		{6DF47337-9A89-483F-BC7E-A70AE22FB1AF}.Release|Any CPU.ActiveCfg = Release|Any CPU
		{6DF47337-9A89-483F-BC7E-A70AE22FB1AF}.Release|Any CPU.Build.0 = Release|Any CPU
		{38762332-679A-4E87-BC8C-327509F20DF5}.Debug|Any CPU.ActiveCfg = Debug|Any CPU
		{38762332-679A-4E87-BC8C-327509F20DF5}.Debug|Any CPU.Build.0 = Debug|Any CPU
		{38762332-679A-4E87-BC8C-327509F20DF5}.Release|Any CPU.ActiveCfg = Release|Any CPU
		{38762332-679A-4E87-BC8C-327509F20DF5}.Release|Any CPU.Build.0 = Release|Any CPU
		{F9481163-70FE-4B50-A292-DDC8565BB9EB}.Debug|Any CPU.ActiveCfg = Debug|Any CPU
		{F9481163-70FE-4B50-A292-DDC8565BB9EB}.Debug|Any CPU.Build.0 = Debug|Any CPU
		{F9481163-70FE-4B50-A292-DDC8565BB9EB}.Release|Any CPU.ActiveCfg = Release|Any CPU
		{F9481163-70FE-4B50-A292-DDC8565BB9EB}.Release|Any CPU.Build.0 = Release|Any CPU
		{A260E3BA-327B-4F62-9611-113ED9AFF8D3}.Debug|Any CPU.ActiveCfg = Debug|Any CPU
		{A260E3BA-327B-4F62-9611-113ED9AFF8D3}.Debug|Any CPU.Build.0 = Debug|Any CPU
		{A260E3BA-327B-4F62-9611-113ED9AFF8D3}.Release|Any CPU.ActiveCfg = Release|Any CPU
		{A260E3BA-327B-4F62-9611-113ED9AFF8D3}.Release|Any CPU.Build.0 = Release|Any CPU
		{29D67700-B4C0-4C3B-82B2-7BBB51C99F0B}.Debug|Any CPU.ActiveCfg = Debug|Any CPU
		{29D67700-B4C0-4C3B-82B2-7BBB51C99F0B}.Debug|Any CPU.Build.0 = Debug|Any CPU
		{29D67700-B4C0-4C3B-82B2-7BBB51C99F0B}.Release|Any CPU.ActiveCfg = Release|Any CPU
		{29D67700-B4C0-4C3B-82B2-7BBB51C99F0B}.Release|Any CPU.Build.0 = Release|Any CPU
	EndGlobalSection
	GlobalSection(NestedProjects) = preSolution
		{6DF47337-9A89-483F-BC7E-A70AE22FB1AF} = {55580602-5408-4970-A83C-C4A2A46647B6}
		{38762332-679A-4E87-BC8C-327509F20DF5} = {1254533D-FCBF-42E2-8E01-EF423AC42BCB}
		{F9481163-70FE-4B50-A292-DDC8565BB9EB} = {4439E9FD-3236-4977-BB1C-38380268B647}
		{A260E3BA-327B-4F62-9611-113ED9AFF8D3} = {4439E9FD-3236-4977-BB1C-38380268B647}
		{29D67700-B4C0-4C3B-82B2-7BBB51C99F0B} = {55580602-5408-4970-A83C-C4A2A46647B6}
	EndGlobalSection
EndGlobal
