
Microsoft Visual Studio Solution File, Format Version 12.00
# Visual Studio Version 17
VisualStudioVersion = 17.0.31903.59
MinimumVisualStudioVersion = 10.0.40219.1
Project("{2150E333-8FDC-42A3-9474-1A3956D46DE8}") = "src", "src", "{55580602-5408-4970-A83C-C4A2A46647B6}"
EndProject
Project("{FAE04EC0-301F-11D3-BF4B-00C04F79EFBC}") = "ThrowsAnalyzer", "src\ThrowsAnalyzer\ThrowsAnalyzer.csproj", "{6DF47337-9A89-483F-BC7E-A70AE22FB1AF}"
EndProject
Project("{2150E333-8FDC-42A3-9474-1A3956D46DE8}") = "tests", "tests", "{1254533D-FCBF-42E2-8E01-EF423AC42BCB}"
EndProject
Project("{FAE04EC0-301F-11D3-BF4B-00C04F79EFBC}") = "ThrowsAnalyzer.Tests", "tests\ThrowsAnalyzer.Tests\ThrowsAnalyzer.Tests.csproj", "{38762332-679A-4E87-BC8C-327509F20DF5}"
EndProject
Project("{2150E333-8FDC-42A3-9474-1A3956D46DE8}") = "samples", "samples", "{4439E9FD-3236-4977-BB1C-38380268B647}"
EndProject
Project("{FAE04EC0-301F-11D3-BF4B-00C04F79EFBC}") = "LibraryManagement", "samples\LibraryManagement\LibraryManagement.csproj", "{F9481163-70FE-4B50-A292-DDC8565BB9EB}"
EndProject
Project("{FAE04EC0-301F-11D3-BF4B-00C04F79EFBC}") = "ExceptionPatterns", "samples\ExceptionPatterns\ExceptionPatterns.csproj", "{A260E3BA-327B-4F62-9611-113ED9AFF8D3}"
EndProject
Project("{FAE04EC0-301F-11D3-BF4B-00C04F79EFBC}") = "ThrowsAnalyzer.Cli", "src\ThrowsAnalyzer.Cli\ThrowsAnalyzer.Cli.csproj", "{29D67700-B4C0-4C3B-82B2-7BBB51C99F0B}"
EndProject
Project("{FAE04EC0-301F-11D3-BF4B-00C04F79EFBC}") = "RoslynAnalyzer.Core", "src\RoslynAnalyzer.Core\RoslynAnalyzer.Core.csproj", "{60BF6198-0106-47C6-B743-750DD84BB903}"
EndProject
Project("{FAE04EC0-301F-11D3-BF4B-00C04F79EFBC}") = "RoslynAnalyzer.Core.Tests", "tests\RoslynAnalyzer.Core.Tests\RoslynAnalyzer.Core.Tests.csproj", "{DBB822DF-73FA-4848-B22C-015392D630DB}"
EndProject
Project("{FAE04EC0-301F-11D3-BF4B-00C04F79EFBC}") = "DisposableAnalyzer", "src\DisposableAnalyzer\DisposableAnalyzer.csproj", "{2EC39CC4-A466-475A-B4BC-A9172478B9B5}"
EndProject
Project("{FAE04EC0-301F-11D3-BF4B-00C04F79EFBC}") = "DisposableAnalyzer.Cli", "src\DisposableAnalyzer.Cli\DisposableAnalyzer.Cli.csproj", "{D172E9D7-DB69-456E-AEB7-4D954809108D}"
EndProject
Project("{FAE04EC0-301F-11D3-BF4B-00C04F79EFBC}") = "DisposableAnalyzer.Tests", "tests\DisposableAnalyzer.Tests\DisposableAnalyzer.Tests.csproj", "{27257348-768A-4704-ADC9-3FA525A821BE}"
EndProject
Project("{FAE04EC0-301F-11D3-BF4B-00C04F79EFBC}") = "DisposalPatterns", "samples\DisposalPatterns\DisposalPatterns.csproj", "{936A1A93-DF4D-4275-B8A9-879B11B71931}"
EndProject
Project("{FAE04EC0-301F-11D3-BF4B-00C04F79EFBC}") = "ResourceManagement", "samples\ResourceManagement\ResourceManagement.csproj", "{BEAE6B6F-C15D-49B9-A8F6-9B6F8D98751F}"
EndProject
Global
	GlobalSection(SolutionConfigurationPlatforms) = preSolution
		Debug|Any CPU = Debug|Any CPU
		Release|Any CPU = Release|Any CPU
	EndGlobalSection
	GlobalSection(SolutionProperties) = preSolution
		HideSolutionNode = FALSE
	EndGlobalSection
	GlobalSection(ProjectConfigurationPlatforms) = postSolution
		{6DF47337-9A89-483F-BC7E-A70AE22FB1AF}.Debug|Any CPU.ActiveCfg = Debug|Any CPU
		{6DF47337-9A89-483F-BC7E-A70AE22FB1AF}.Debug|Any CPU.Build.0 = Debug|Any CPU
		{6DF47337-9A89-483F-BC7E-A70AE22FB1AF}.Release|Any CPU.ActiveCfg = Release|Any CPU
		{6DF47337-9A89-483F-BC7E-A70AE22FB1AF}.Release|Any CPU.Build.0 = Release|Any CPU
		{38762332-679A-4E87-BC8C-327509F20DF5}.Debug|Any CPU.ActiveCfg = Debug|Any CPU
		{38762332-679A-4E87-BC8C-327509F20DF5}.Debug|Any CPU.Build.0 = Debug|Any CPU
		{38762332-679A-4E87-BC8C-327509F20DF5}.Release|Any CPU.ActiveCfg = Release|Any CPU
		{38762332-679A-4E87-BC8C-327509F20DF5}.Release|Any CPU.Build.0 = Release|Any CPU
		{F9481163-70FE-4B50-A292-DDC8565BB9EB}.Debug|Any CPU.ActiveCfg = Debug|Any CPU
		{F9481163-70FE-4B50-A292-DDC8565BB9EB}.Debug|Any CPU.Build.0 = Debug|Any CPU
		{F9481163-70FE-4B50-A292-DDC8565BB9EB}.Release|Any CPU.ActiveCfg = Release|Any CPU
		{F9481163-70FE-4B50-A292-DDC8565BB9EB}.Release|Any CPU.Build.0 = Release|Any CPU
		{A260E3BA-327B-4F62-9611-113ED9AFF8D3}.Debug|Any CPU.ActiveCfg = Debug|Any CPU
		{A260E3BA-327B-4F62-9611-113ED9AFF8D3}.Debug|Any CPU.Build.0 = Debug|Any CPU
		{A260E3BA-327B-4F62-9611-113ED9AFF8D3}.Release|Any CPU.ActiveCfg = Release|Any CPU
		{A260E3BA-327B-4F62-9611-113ED9AFF8D3}.Release|Any CPU.Build.0 = Release|Any CPU
		{29D67700-B4C0-4C3B-82B2-7BBB51C99F0B}.Debug|Any CPU.ActiveCfg = Debug|Any CPU
		{29D67700-B4C0-4C3B-82B2-7BBB51C99F0B}.Debug|Any CPU.Build.0 = Debug|Any CPU
		{29D67700-B4C0-4C3B-82B2-7BBB51C99F0B}.Release|Any CPU.ActiveCfg = Release|Any CPU
		{29D67700-B4C0-4C3B-82B2-7BBB51C99F0B}.Release|Any CPU.Build.0 = Release|Any CPU
		{60BF6198-0106-47C6-B743-750DD84BB903}.Debug|Any CPU.ActiveCfg = Debug|Any CPU
		{60BF6198-0106-47C6-B743-750DD84BB903}.Debug|Any CPU.Build.0 = Debug|Any CPU
		{60BF6198-0106-47C6-B743-750DD84BB903}.Release|Any CPU.ActiveCfg = Release|Any CPU
		{60BF6198-0106-47C6-B743-750DD84BB903}.Release|Any CPU.Build.0 = Release|Any CPU
		{DBB822DF-73FA-4848-B22C-015392D630DB}.Debug|Any CPU.ActiveCfg = Debug|Any CPU
		{DBB822DF-73FA-4848-B22C-015392D630DB}.Debug|Any CPU.Build.0 = Debug|Any CPU
		{DBB822DF-73FA-4848-B22C-015392D630DB}.Release|Any CPU.ActiveCfg = Release|Any CPU
		{DBB822DF-73FA-4848-B22C-015392D630DB}.Release|Any CPU.Build.0 = Release|Any CPU
		{2EC39CC4-A466-475A-B4BC-A9172478B9B5}.Debug|Any CPU.ActiveCfg = Debug|Any CPU
		{2EC39CC4-A466-475A-B4BC-A9172478B9B5}.Debug|Any CPU.Build.0 = Debug|Any CPU
		{2EC39CC4-A466-475A-B4BC-A9172478B9B5}.Release|Any CPU.ActiveCfg = Release|Any CPU
		{2EC39CC4-A466-475A-B4BC-A9172478B9B5}.Release|Any CPU.Build.0 = Release|Any CPU
		{D172E9D7-DB69-456E-AEB7-4D954809108D}.Debug|Any CPU.ActiveCfg = Debug|Any CPU
		{D172E9D7-DB69-456E-AEB7-4D954809108D}.Debug|Any CPU.Build.0 = Debug|Any CPU
		{D172E9D7-DB69-456E-AEB7-4D954809108D}.Release|Any CPU.ActiveCfg = Release|Any CPU
		{D172E9D7-DB69-456E-AEB7-4D954809108D}.Release|Any CPU.Build.0 = Release|Any CPU
		{27257348-768A-4704-ADC9-3FA525A821BE}.Debug|Any CPU.ActiveCfg = Debug|Any CPU
		{27257348-768A-4704-ADC9-3FA525A821BE}.Debug|Any CPU.Build.0 = Debug|Any CPU
		{27257348-768A-4704-ADC9-3FA525A821BE}.Release|Any CPU.ActiveCfg = Release|Any CPU
		{27257348-768A-4704-ADC9-3FA525A821BE}.Release|Any CPU.Build.0 = Release|Any CPU
		{936A1A93-DF4D-4275-B8A9-879B11B71931}.Debug|Any CPU.ActiveCfg = Debug|Any CPU
		{936A1A93-DF4D-4275-B8A9-879B11B71931}.Debug|Any CPU.Build.0 = Debug|Any CPU
		{936A1A93-DF4D-4275-B8A9-879B11B71931}.Release|Any CPU.ActiveCfg = Release|Any CPU
		{936A1A93-DF4D-4275-B8A9-879B11B71931}.Release|Any CPU.Build.0 = Release|Any CPU
		{BEAE6B6F-C15D-49B9-A8F6-9B6F8D98751F}.Debug|Any CPU.ActiveCfg = Debug|Any CPU
		{BEAE6B6F-C15D-49B9-A8F6-9B6F8D98751F}.Debug|Any CPU.Build.0 = Debug|Any CPU
		{BEAE6B6F-C15D-49B9-A8F6-9B6F8D98751F}.Release|Any CPU.ActiveCfg = Release|Any CPU
		{BEAE6B6F-C15D-49B9-A8F6-9B6F8D98751F}.Release|Any CPU.Build.0 = Release|Any CPU
	EndGlobalSection
	GlobalSection(NestedProjects) = preSolution
		{6DF47337-9A89-483F-BC7E-A70AE22FB1AF} = {55580602-5408-4970-A83C-C4A2A46647B6}
		{38762332-679A-4E87-BC8C-327509F20DF5} = {1254533D-FCBF-42E2-8E01-EF423AC42BCB}
		{F9481163-70FE-4B50-A292-DDC8565BB9EB} = {4439E9FD-3236-4977-BB1C-38380268B647}
		{A260E3BA-327B-4F62-9611-113ED9AFF8D3} = {4439E9FD-3236-4977-BB1C-38380268B647}
		{29D67700-B4C0-4C3B-82B2-7BBB51C99F0B} = {55580602-5408-4970-A83C-C4A2A46647B6}
		{60BF6198-0106-47C6-B743-750DD84BB903} = {55580602-5408-4970-A83C-C4A2A46647B6}
		{DBB822DF-73FA-4848-B22C-015392D630DB} = {1254533D-FCBF-42E2-8E01-EF423AC42BCB}
		{2EC39CC4-A466-475A-B4BC-A9172478B9B5} = {55580602-5408-4970-A83C-C4A2A46647B6}
		{D172E9D7-DB69-456E-AEB7-4D954809108D} = {55580602-5408-4970-A83C-C4A2A46647B6}
		{27257348-768A-4704-ADC9-3FA525A821BE} = {1254533D-FCBF-42E2-8E01-EF423AC42BCB}
		{936A1A93-DF4D-4275-B8A9-879B11B71931} = {4439E9FD-3236-4977-BB1C-38380268B647}
		{BEAE6B6F-C15D-49B9-A8F6-9B6F8D98751F} = {4439E9FD-3236-4977-BB1C-38380268B647}
	EndGlobalSection
EndGlobal
